
Microsoft Visual Studio Solution File, Format Version 12.00
# Visual Studio Version 17
VisualStudioVersion = 17.6.33712.159
MinimumVisualStudioVersion = 10.0.40219.1
Project("{FAE04EC0-301F-11D3-BF4B-00C04F79EFBC}") = "AVLTreeLibrary", "AVLTreeLibrary\AVLTreeLibrary.csproj", "{8BC6316B-0B1B-4DA7-9FB1-D658B3C67633}"
EndProject
Project("{9A19103F-16F7-4668-BE54-9A1E7A4F7556}") = "Test", "Test\Test.csproj", "{A5DA0C18-4067-42B9-BBE3-F09C25581E26}"
EndProject
Global
	GlobalSection(SolutionConfigurationPlatforms) = preSolution
		Debug|Any CPU = Debug|Any CPU
		Release|Any CPU = Release|Any CPU
	EndGlobalSection
	GlobalSection(ProjectConfigurationPlatforms) = postSolution
		{8BC6316B-0B1B-4DA7-9FB1-D658B3C67633}.Debug|Any CPU.ActiveCfg = Debug|Any CPU
		{8BC6316B-0B1B-4DA7-9FB1-D658B3C67633}.Debug|Any CPU.Build.0 = Debug|Any CPU
		{8BC6316B-0B1B-4DA7-9FB1-D658B3C67633}.Release|Any CPU.ActiveCfg = Release|Any CPU
		{8BC6316B-0B1B-4DA7-9FB1-D658B3C67633}.Release|Any CPU.Build.0 = Release|Any CPU
		{A5DA0C18-4067-42B9-BBE3-F09C25581E26}.Debug|Any CPU.ActiveCfg = Debug|Any CPU
		{A5DA0C18-4067-42B9-BBE3-F09C25581E26}.Debug|Any CPU.Build.0 = Debug|Any CPU
		{A5DA0C18-4067-42B9-BBE3-F09C25581E26}.Release|Any CPU.ActiveCfg = Release|Any CPU
		{A5DA0C18-4067-42B9-BBE3-F09C25581E26}.Release|Any CPU.Build.0 = Release|Any CPU
	EndGlobalSection
	GlobalSection(SolutionProperties) = preSolution
		HideSolutionNode = FALSE
	EndGlobalSection
	GlobalSection(ExtensibilityGlobals) = postSolution
		SolutionGuid = {F499936B-A121-47A2-84B8-170CA05289BB}
	EndGlobalSection
EndGlobal
